version = 1
requires-python = ">=3.13"

[manifest]
members = [
    "bbh-full-stack",
    "read-aircraft-data",
    "sharedlib",
]

[[package]]
name = "bbh-full-stack"
version = "0.1.0"
source = { virtual = "." }
dependencies = [
    { name = "invoke" },
    { name = "tabulate" },
]

[package.metadata]
requires-dist = [
    { name = "invoke", specifier = ">=2.2.0" },
    { name = "tabulate", specifier = ">=0.9.0" },
]

[[package]]
name = "invoke"
version = "2.2.0"
source = { registry = "https://pypi.org/simple" }
sdist = { url = "https://files.pythonhosted.org/packages/f9/42/127e6d792884ab860defc3f4d80a8f9812e48ace584ffc5a346de58cdc6c/invoke-2.2.0.tar.gz", hash = "sha256:ee6cbb101af1a859c7fe84f2a264c059020b0cb7fe3535f9424300ab568f6bd5", size = 299835 }
wheels = [
    { url = "https://files.pythonhosted.org/packages/0a/66/7f8c48009c72d73bc6bbe6eb87ac838d6a526146f7dab14af671121eb379/invoke-2.2.0-py3-none-any.whl", hash = "sha256:6ea924cc53d4f78e3d98bc436b08069a03077e6f85ad1ddaa8a116d7dad15820", size = 160274 },
]

[[package]]
name = "read-aircraft-data"
version = "0.1.0"
source = { virtual = "apps/read_aircraft_data" }

[[package]]
name = "sharedlib"
version = "0.1.0"
source = { editable = "sharedlib" }

[[package]]
name = "tabulate"
version = "0.9.0"
source = { registry = "https://pypi.org/simple" }
sdist = { url = "https://files.pythonhosted.org/packages/ec/fe/802052aecb21e3797b8f7902564ab6ea0d60ff8ca23952079064155d1ae1/tabulate-0.9.0.tar.gz", hash = "sha256:0095b12bf5966de529c0feb1fa08671671b3368eec77d7ef7ab114be2c068b3c", size = 81090 }
wheels = [
    { url = "https://files.pythonhosted.org/packages/40/44/4a5f08c96eb108af5cb50b41f76142f0afa346dfa99d5296fe7202a11854/tabulate-0.9.0-py3-none-any.whl", hash = "sha256:024ca478df22e9340661486f85298cff5f6dcdba14f3813e8830015b9ed1948f", size = 35252 },
]
